// !$*UTF8*$!
{
	archiveVersion = 1;
	classes = {
	};
	objectVersion = 50;
	objects = {

/* Begin PBXBuildFile section */
		E732357C2817B93C00874037 /* AppDelegate.swift in Sources */ = {isa = PBXBuildFile; fileRef = E732357B2817B93C00874037 /* AppDelegate.swift */; };
		E732357E2817B93C00874037 /* SceneDelegate.swift in Sources */ = {isa = PBXBuildFile; fileRef = E732357D2817B93C00874037 /* SceneDelegate.swift */; };
		E73235802817B93C00874037 /* MainVc.swift in Sources */ = {isa = PBXBuildFile; fileRef = E732357F2817B93C00874037 /* MainVc.swift */; };
		E73235852817B94500874037 /* Assets.xcassets in Resources */ = {isa = PBXBuildFile; fileRef = E73235842817B94500874037 /* Assets.xcassets */; };
		E73235882817B94500874037 /* LaunchScreen.storyboard in Resources */ = {isa = PBXBuildFile; fileRef = E73235862817B94500874037 /* LaunchScreen.storyboard */; };
		E732359628184D7F00874037 /* UIButton + Extension.swift in Sources */ = {isa = PBXBuildFile; fileRef = E732359528184D7F00874037 /* UIButton + Extension.swift */; };
		E73235992818506D00874037 /* UIFont + Extension.swift in Sources */ = {isa = PBXBuildFile; fileRef = E73235982818506D00874037 /* UIFont + Extension.swift */; };
		E732359C2818518400874037 /* UIColor + Extension.swift in Sources */ = {isa = PBXBuildFile; fileRef = E732359B2818518400874037 /* UIColor + Extension.swift */; };
		E73235A22818549500874037 /* UILabel + Extension.swift in Sources */ = {isa = PBXBuildFile; fileRef = E73235A12818549500874037 /* UILabel + Extension.swift */; };
		E73235A62818556C00874037 /* UIImageView + Extension.swift in Sources */ = {isa = PBXBuildFile; fileRef = E73235A52818556C00874037 /* UIImageView + Extension.swift */; };
		E73235AC2818591500874037 /* ButtonView.swift in Sources */ = {isa = PBXBuildFile; fileRef = E73235AB2818591500874037 /* ButtonView.swift */; };
		E73235B128185FC900874037 /* UIStackView + Extension.swift in Sources */ = {isa = PBXBuildFile; fileRef = E73235B028185FC900874037 /* UIStackView + Extension.swift */; };
		E73235B92818627A00874037 /* SignUpViewController.swift in Sources */ = {isa = PBXBuildFile; fileRef = E73235B82818627A00874037 /* SignUpViewController.swift */; };
		E73235BF281866CF00874037 /* OneLineTextField.swift in Sources */ = {isa = PBXBuildFile; fileRef = E73235BE281866CE00874037 /* OneLineTextField.swift */; };
		E77C21352818F93000F6D86C /* SignInViewController.swift in Sources */ = {isa = PBXBuildFile; fileRef = E77C21342818F93000F6D86C /* SignInViewController.swift */; };
		E77C213828190FCE00F6D86C /* ProfileViewController.swift in Sources */ = {isa = PBXBuildFile; fileRef = E77C213728190FCE00F6D86C /* ProfileViewController.swift */; };
		E7979816281917B2006123A8 /* AddPhotoView.swift in Sources */ = {isa = PBXBuildFile; fileRef = E7979815281917B1006123A8 /* AddPhotoView.swift */; };
		E7979819281920B1006123A8 /* UISegmentControl + Extension.swift in Sources */ = {isa = PBXBuildFile; fileRef = E7979818281920B1006123A8 /* UISegmentControl + Extension.swift */; };
		E797981C28192897006123A8 /* ChatViewController.swift in Sources */ = {isa = PBXBuildFile; fileRef = E797981B28192897006123A8 /* ChatViewController.swift */; };
		E797982728192A30006123A8 /* TabBarController.swift in Sources */ = {isa = PBXBuildFile; fileRef = E797982628192A30006123A8 /* TabBarController.swift */; };
		E797982A28192A88006123A8 /* UsersViewController.swift in Sources */ = {isa = PBXBuildFile; fileRef = E797982928192A88006123A8 /* UsersViewController.swift */; };
		E797984828196F2C006123A8 /* Coordinator.swift in Sources */ = {isa = PBXBuildFile; fileRef = E797984728196F2C006123A8 /* Coordinator.swift */; };
		E797984E28196F4B006123A8 /* AppCoordinator.swift in Sources */ = {isa = PBXBuildFile; fileRef = E797984D28196F4B006123A8 /* AppCoordinator.swift */; };
		E79798562819713D006123A8 /* UIViewController + Extension.swift in Sources */ = {isa = PBXBuildFile; fileRef = E79798552819713D006123A8 /* UIViewController + Extension.swift */; };
		E797986F281A7F44006123A8 /* SignUpViewModelPrtocol.swift in Sources */ = {isa = PBXBuildFile; fileRef = E797986E281A7F44006123A8 /* SignUpViewModelPrtocol.swift */; };
		E7979872281A7F5D006123A8 /* SignUpViewModel.swift in Sources */ = {isa = PBXBuildFile; fileRef = E7979871281A7F5D006123A8 /* SignUpViewModel.swift */; };
		E797987A281ACE0C006123A8 /* ProfileViewModelProtocol.swift in Sources */ = {isa = PBXBuildFile; fileRef = E7979879281ACE0C006123A8 /* ProfileViewModelProtocol.swift */; };
		E797987D281ACE33006123A8 /* ProfileViewModel.swift in Sources */ = {isa = PBXBuildFile; fileRef = E797987C281ACE33006123A8 /* ProfileViewModel.swift */; };
		E7979880281ACE59006123A8 /* SignInViewModelProtocol.swift in Sources */ = {isa = PBXBuildFile; fileRef = E797987F281ACE59006123A8 /* SignInViewModelProtocol.swift */; };
		E7979884281ACE8C006123A8 /* SignInViewModel.swift in Sources */ = {isa = PBXBuildFile; fileRef = E7979883281ACE8C006123A8 /* SignInViewModel.swift */; };
		E7979889281ACEDB006123A8 /* MainViewModelProtocol.swift in Sources */ = {isa = PBXBuildFile; fileRef = E7979888281ACEDB006123A8 /* MainViewModelProtocol.swift */; };
		E797988C281ACEEA006123A8 /* MainViewModel.swift in Sources */ = {isa = PBXBuildFile; fileRef = E797988B281ACEEA006123A8 /* MainViewModel.swift */; };
		E7979890281ACF3B006123A8 /* ChatViewModelProtocol.swift in Sources */ = {isa = PBXBuildFile; fileRef = E797988F281ACF3B006123A8 /* ChatViewModelProtocol.swift */; };
		E7979893281ACF52006123A8 /* ChatViewModel.swift in Sources */ = {isa = PBXBuildFile; fileRef = E7979892281ACF52006123A8 /* ChatViewModel.swift */; };
		E79798AC281CF004006123A8 /* MainVCCoordinator.swift in Sources */ = {isa = PBXBuildFile; fileRef = E79798AB281CF004006123A8 /* MainVCCoordinator.swift */; };
		E79798AF281CF6C2006123A8 /* SignInVCCoordinator.swift in Sources */ = {isa = PBXBuildFile; fileRef = E79798AE281CF6C2006123A8 /* SignInVCCoordinator.swift */; };
		E79798B3281D02F9006123A8 /* Flow.swift in Sources */ = {isa = PBXBuildFile; fileRef = E79798B2281D02F9006123A8 /* Flow.swift */; };
		E7AB4D44281D186E00294F97 /* SignUpVCCoordinator.swift in Sources */ = {isa = PBXBuildFile; fileRef = E7AB4D43281D186E00294F97 /* SignUpVCCoordinator.swift */; };
		E7AB4D47281D232000294F97 /* MainModel.swift in Sources */ = {isa = PBXBuildFile; fileRef = E7AB4D46281D232000294F97 /* MainModel.swift */; };
		E7AB4D4A281ECB9300294F97 /* ProfileVCCoordinator.swift in Sources */ = {isa = PBXBuildFile; fileRef = E7AB4D49281ECB9300294F97 /* ProfileVCCoordinator.swift */; };
		E7AB4D4D281ECBA300294F97 /* ChatVCCoordinator.swift in Sources */ = {isa = PBXBuildFile; fileRef = E7AB4D4C281ECBA300294F97 /* ChatVCCoordinator.swift */; };
/* End PBXBuildFile section */

/* Begin PBXFileReference section */
		E73235782817B93C00874037 /* App.app */ = {isa = PBXFileReference; explicitFileType = wrapper.application; includeInIndex = 0; path = App.app; sourceTree = BUILT_PRODUCTS_DIR; };
		E732357B2817B93C00874037 /* AppDelegate.swift */ = {isa = PBXFileReference; lastKnownFileType = sourcecode.swift; path = AppDelegate.swift; sourceTree = "<group>"; };
		E732357D2817B93C00874037 /* SceneDelegate.swift */ = {isa = PBXFileReference; lastKnownFileType = sourcecode.swift; path = SceneDelegate.swift; sourceTree = "<group>"; };
		E732357F2817B93C00874037 /* MainVc.swift */ = {isa = PBXFileReference; lastKnownFileType = sourcecode.swift; path = MainVc.swift; sourceTree = "<group>"; };
		E73235842817B94500874037 /* Assets.xcassets */ = {isa = PBXFileReference; lastKnownFileType = folder.assetcatalog; path = Assets.xcassets; sourceTree = "<group>"; };
		E73235872817B94500874037 /* Base */ = {isa = PBXFileReference; lastKnownFileType = file.storyboard; name = Base; path = Base.lproj/LaunchScreen.storyboard; sourceTree = "<group>"; };
		E73235892817B94500874037 /* Info.plist */ = {isa = PBXFileReference; lastKnownFileType = text.plist.xml; path = Info.plist; sourceTree = "<group>"; };
		E732359528184D7F00874037 /* UIButton + Extension.swift */ = {isa = PBXFileReference; lastKnownFileType = sourcecode.swift; path = "UIButton + Extension.swift"; sourceTree = "<group>"; };
		E73235982818506D00874037 /* UIFont + Extension.swift */ = {isa = PBXFileReference; lastKnownFileType = sourcecode.swift; path = "UIFont + Extension.swift"; sourceTree = "<group>"; };
		E732359B2818518400874037 /* UIColor + Extension.swift */ = {isa = PBXFileReference; lastKnownFileType = sourcecode.swift; path = "UIColor + Extension.swift"; sourceTree = "<group>"; };
		E73235A12818549500874037 /* UILabel + Extension.swift */ = {isa = PBXFileReference; lastKnownFileType = sourcecode.swift; path = "UILabel + Extension.swift"; sourceTree = "<group>"; };
		E73235A52818556C00874037 /* UIImageView + Extension.swift */ = {isa = PBXFileReference; lastKnownFileType = sourcecode.swift; path = "UIImageView + Extension.swift"; sourceTree = "<group>"; };
		E73235AB2818591500874037 /* ButtonView.swift */ = {isa = PBXFileReference; lastKnownFileType = sourcecode.swift; path = ButtonView.swift; sourceTree = "<group>"; };
		E73235B028185FC900874037 /* UIStackView + Extension.swift */ = {isa = PBXFileReference; lastKnownFileType = sourcecode.swift; path = "UIStackView + Extension.swift"; sourceTree = "<group>"; };
		E73235B82818627A00874037 /* SignUpViewController.swift */ = {isa = PBXFileReference; lastKnownFileType = sourcecode.swift; path = SignUpViewController.swift; sourceTree = "<group>"; };
		E73235BE281866CE00874037 /* OneLineTextField.swift */ = {isa = PBXFileReference; lastKnownFileType = sourcecode.swift; path = OneLineTextField.swift; sourceTree = "<group>"; };
		E77C21342818F93000F6D86C /* SignInViewController.swift */ = {isa = PBXFileReference; lastKnownFileType = sourcecode.swift; path = SignInViewController.swift; sourceTree = "<group>"; };
		E77C213728190FCE00F6D86C /* ProfileViewController.swift */ = {isa = PBXFileReference; lastKnownFileType = sourcecode.swift; path = ProfileViewController.swift; sourceTree = "<group>"; };
		E7979815281917B1006123A8 /* AddPhotoView.swift */ = {isa = PBXFileReference; lastKnownFileType = sourcecode.swift; path = AddPhotoView.swift; sourceTree = "<group>"; };
		E7979818281920B1006123A8 /* UISegmentControl + Extension.swift */ = {isa = PBXFileReference; lastKnownFileType = sourcecode.swift; path = "UISegmentControl + Extension.swift"; sourceTree = "<group>"; };
		E797981B28192897006123A8 /* ChatViewController.swift */ = {isa = PBXFileReference; lastKnownFileType = sourcecode.swift; path = ChatViewController.swift; sourceTree = "<group>"; };
		E797982628192A30006123A8 /* TabBarController.swift */ = {isa = PBXFileReference; lastKnownFileType = sourcecode.swift; path = TabBarController.swift; sourceTree = "<group>"; };
		E797982928192A88006123A8 /* UsersViewController.swift */ = {isa = PBXFileReference; lastKnownFileType = sourcecode.swift; path = UsersViewController.swift; sourceTree = "<group>"; };
		E797984728196F2C006123A8 /* Coordinator.swift */ = {isa = PBXFileReference; lastKnownFileType = sourcecode.swift; path = Coordinator.swift; sourceTree = "<group>"; };
		E797984D28196F4B006123A8 /* AppCoordinator.swift */ = {isa = PBXFileReference; lastKnownFileType = sourcecode.swift; path = AppCoordinator.swift; sourceTree = "<group>"; };
		E79798552819713D006123A8 /* UIViewController + Extension.swift */ = {isa = PBXFileReference; lastKnownFileType = sourcecode.swift; path = "UIViewController + Extension.swift"; sourceTree = "<group>"; };
		E797986E281A7F44006123A8 /* SignUpViewModelPrtocol.swift */ = {isa = PBXFileReference; lastKnownFileType = sourcecode.swift; path = SignUpViewModelPrtocol.swift; sourceTree = "<group>"; };
		E7979871281A7F5D006123A8 /* SignUpViewModel.swift */ = {isa = PBXFileReference; lastKnownFileType = sourcecode.swift; path = SignUpViewModel.swift; sourceTree = "<group>"; };
		E7979879281ACE0C006123A8 /* ProfileViewModelProtocol.swift */ = {isa = PBXFileReference; lastKnownFileType = sourcecode.swift; path = ProfileViewModelProtocol.swift; sourceTree = "<group>"; };
		E797987C281ACE33006123A8 /* ProfileViewModel.swift */ = {isa = PBXFileReference; lastKnownFileType = sourcecode.swift; path = ProfileViewModel.swift; sourceTree = "<group>"; };
		E797987F281ACE59006123A8 /* SignInViewModelProtocol.swift */ = {isa = PBXFileReference; lastKnownFileType = sourcecode.swift; path = SignInViewModelProtocol.swift; sourceTree = "<group>"; };
		E7979883281ACE8C006123A8 /* SignInViewModel.swift */ = {isa = PBXFileReference; lastKnownFileType = sourcecode.swift; path = SignInViewModel.swift; sourceTree = "<group>"; };
		E7979888281ACEDB006123A8 /* MainViewModelProtocol.swift */ = {isa = PBXFileReference; lastKnownFileType = sourcecode.swift; path = MainViewModelProtocol.swift; sourceTree = "<group>"; };
		E797988B281ACEEA006123A8 /* MainViewModel.swift */ = {isa = PBXFileReference; lastKnownFileType = sourcecode.swift; path = MainViewModel.swift; sourceTree = "<group>"; };
		E797988F281ACF3B006123A8 /* ChatViewModelProtocol.swift */ = {isa = PBXFileReference; lastKnownFileType = sourcecode.swift; path = ChatViewModelProtocol.swift; sourceTree = "<group>"; };
		E7979892281ACF52006123A8 /* ChatViewModel.swift */ = {isa = PBXFileReference; lastKnownFileType = sourcecode.swift; path = ChatViewModel.swift; sourceTree = "<group>"; };
		E79798AB281CF004006123A8 /* MainVCCoordinator.swift */ = {isa = PBXFileReference; lastKnownFileType = sourcecode.swift; path = MainVCCoordinator.swift; sourceTree = "<group>"; };
		E79798AE281CF6C2006123A8 /* SignInVCCoordinator.swift */ = {isa = PBXFileReference; lastKnownFileType = sourcecode.swift; path = SignInVCCoordinator.swift; sourceTree = "<group>"; };
		E79798B2281D02F9006123A8 /* Flow.swift */ = {isa = PBXFileReference; lastKnownFileType = sourcecode.swift; path = Flow.swift; sourceTree = "<group>"; };
		E7AB4D43281D186E00294F97 /* SignUpVCCoordinator.swift */ = {isa = PBXFileReference; lastKnownFileType = sourcecode.swift; path = SignUpVCCoordinator.swift; sourceTree = "<group>"; };
		E7AB4D46281D232000294F97 /* MainModel.swift */ = {isa = PBXFileReference; lastKnownFileType = sourcecode.swift; path = MainModel.swift; sourceTree = "<group>"; };
		E7AB4D49281ECB9300294F97 /* ProfileVCCoordinator.swift */ = {isa = PBXFileReference; lastKnownFileType = sourcecode.swift; path = ProfileVCCoordinator.swift; sourceTree = "<group>"; };
		E7AB4D4C281ECBA300294F97 /* ChatVCCoordinator.swift */ = {isa = PBXFileReference; lastKnownFileType = sourcecode.swift; path = ChatVCCoordinator.swift; sourceTree = "<group>"; };
/* End PBXFileReference section */

/* Begin PBXFrameworksBuildPhase section */
		E73235752817B93C00874037 /* Frameworks */ = {
			isa = PBXFrameworksBuildPhase;
			buildActionMask = 2147483647;
			files = (
			);
			runOnlyForDeploymentPostprocessing = 0;
		};
/* End PBXFrameworksBuildPhase section */

/* Begin PBXGroup section */
		E732356F2817B93C00874037 = {
			isa = PBXGroup;
			children = (
				E732357A2817B93C00874037 /* App */,
				E73235792817B93C00874037 /* Products */,
			);
			sourceTree = "<group>";
		};
		E73235792817B93C00874037 /* Products */ = {
			isa = PBXGroup;
			children = (
				E73235782817B93C00874037 /* App.app */,
			);
			name = Products;
			sourceTree = "<group>";
		};
		E732357A2817B93C00874037 /* App */ = {
			isa = PBXGroup;
			children = (
				E797984628196F0C006123A8 /* Coordinator */,
				E73235BC2818628900874037 /* Application */,
				E73235BB2818627F00874037 /* Resourses */,
				E73235A8281857B800874037 /* Extension */,
				E797981E28192974006123A8 /* SignInModules */,
				E7979823281929DF006123A8 /* ChatModules */,
			);
			path = App;
			sourceTree = "<group>";
		};
		E732359E281853BD00874037 /* UIKit */ = {
			isa = PBXGroup;
			children = (
				E732359528184D7F00874037 /* UIButton + Extension.swift */,
				E73235982818506D00874037 /* UIFont + Extension.swift */,
				E732359B2818518400874037 /* UIColor + Extension.swift */,
				E73235A12818549500874037 /* UILabel + Extension.swift */,
				E73235A52818556C00874037 /* UIImageView + Extension.swift */,
				E73235B028185FC900874037 /* UIStackView + Extension.swift */,
				E7979818281920B1006123A8 /* UISegmentControl + Extension.swift */,
				E79798552819713D006123A8 /* UIViewController + Extension.swift */,
			);
			path = UIKit;
			sourceTree = "<group>";
		};
		E73235A8281857B800874037 /* Extension */ = {
			isa = PBXGroup;
			children = (
				E73235AE28185A9800874037 /* Views */,
				E732359E281853BD00874037 /* UIKit */,
			);
			path = Extension;
			sourceTree = "<group>";
		};
		E73235AE28185A9800874037 /* Views */ = {
			isa = PBXGroup;
			children = (
				E73235AB2818591500874037 /* ButtonView.swift */,
				E73235BE281866CE00874037 /* OneLineTextField.swift */,
				E7979815281917B1006123A8 /* AddPhotoView.swift */,
			);
			path = Views;
			sourceTree = "<group>";
		};
		E73235BB2818627F00874037 /* Resourses */ = {
			isa = PBXGroup;
			children = (
				E73235842817B94500874037 /* Assets.xcassets */,
				E73235862817B94500874037 /* LaunchScreen.storyboard */,
				E73235892817B94500874037 /* Info.plist */,
			);
			path = Resourses;
			sourceTree = "<group>";
		};
		E73235BC2818628900874037 /* Application */ = {
			isa = PBXGroup;
			children = (
				E732357B2817B93C00874037 /* AppDelegate.swift */,
				E732357D2817B93C00874037 /* SceneDelegate.swift */,
			);
			path = Application;
			sourceTree = "<group>";
		};
		E797981E28192974006123A8 /* SignInModules */ = {
			isa = PBXGroup;
			children = (
				E7979822281929B2006123A8 /* ProfileModule */,
				E7979821281929A6006123A8 /* SignInModule */,
				E797982028192999006123A8 /* SignUpModule */,
				E797981F2819298F006123A8 /* MainModule */,
			);
			path = SignInModules;
			sourceTree = "<group>";
		};
		E797981F2819298F006123A8 /* MainModule */ = {
			isa = PBXGroup;
			children = (
				E797983D28193634006123A8 /* MainModel */,
				E797983C28193618006123A8 /* MainView */,
				E797983B2819360F006123A8 /* MainViewModel */,
			);
			path = MainModule;
			sourceTree = "<group>";
		};
		E797982028192999006123A8 /* SignUpModule */ = {
			isa = PBXGroup;
			children = (
				E797983A281935F6006123A8 /* SignUpModel */,
				E7979839281935EE006123A8 /* SignUpView */,
				E7979838281935E4006123A8 /* SignUpViewModel */,
			);
			path = SignUpModule;
			sourceTree = "<group>";
		};
		E7979821281929A6006123A8 /* SignInModule */ = {
			isa = PBXGroup;
			children = (
				E7979837281935CB006123A8 /* SignInModel */,
				E7979836281935BC006123A8 /* SignInViewModel */,
				E7979835281935A7006123A8 /* SignInView */,
			);
			path = SignInModule;
			sourceTree = "<group>";
		};
		E7979822281929B2006123A8 /* ProfileModule */ = {
			isa = PBXGroup;
			children = (
				E797983428193597006123A8 /* ProfileView */,
				E79798332819358F006123A8 /* ProfileModel */,
				E797983228193580006123A8 /* PofileViewModel */,
			);
			path = ProfileModule;
			sourceTree = "<group>";
		};
		E7979823281929DF006123A8 /* ChatModules */ = {
			isa = PBXGroup;
			children = (
				E797982628192A30006123A8 /* TabBarController.swift */,
				E797982C2819353D006123A8 /* ChatModule */,
				E797982F2819355B006123A8 /* UsersModule */,
			);
			path = ChatModules;
			sourceTree = "<group>";
		};
		E797982C2819353D006123A8 /* ChatModule */ = {
			isa = PBXGroup;
			children = (
				E79798402819365A006123A8 /* ChatModel */,
				E797983F28193653006123A8 /* ChatView */,
				E797983E28193642006123A8 /* CharViewModel */,
			);
			path = ChatModule;
			sourceTree = "<group>";
		};
		E797982F2819355B006123A8 /* UsersModule */ = {
			isa = PBXGroup;
			children = (
				E797984328193694006123A8 /* UsersView */,
				E79798422819368E006123A8 /* UsersModel */,
				E797984128193681006123A8 /* UsersViewModel */,
			);
			path = UsersModule;
			sourceTree = "<group>";
		};
		E797983228193580006123A8 /* PofileViewModel */ = {
			isa = PBXGroup;
			children = (
				E797985E281A7BA4006123A8 /* Protocols  */,
				E797987C281ACE33006123A8 /* ProfileViewModel.swift */,
			);
			path = PofileViewModel;
			sourceTree = "<group>";
		};
		E79798332819358F006123A8 /* ProfileModel */ = {
			isa = PBXGroup;
			children = (
			);
			path = ProfileModel;
			sourceTree = "<group>";
		};
		E797983428193597006123A8 /* ProfileView */ = {
			isa = PBXGroup;
			children = (
				E77C213728190FCE00F6D86C /* ProfileViewController.swift */,
			);
			path = ProfileView;
			sourceTree = "<group>";
		};
		E7979835281935A7006123A8 /* SignInView */ = {
			isa = PBXGroup;
			children = (
				E77C21342818F93000F6D86C /* SignInViewController.swift */,
			);
			path = SignInView;
			sourceTree = "<group>";
		};
		E7979836281935BC006123A8 /* SignInViewModel */ = {
			isa = PBXGroup;
			children = (
				E7979865281A7EA8006123A8 /* Protocols */,
				E7979883281ACE8C006123A8 /* SignInViewModel.swift */,
			);
			path = SignInViewModel;
			sourceTree = "<group>";
		};
		E7979837281935CB006123A8 /* SignInModel */ = {
			isa = PBXGroup;
			children = (
			);
			path = SignInModel;
			sourceTree = "<group>";
		};
		E7979838281935E4006123A8 /* SignUpViewModel */ = {
			isa = PBXGroup;
			children = (
				E797986D281A7F26006123A8 /* Protocols */,
				E7979871281A7F5D006123A8 /* SignUpViewModel.swift */,
			);
			path = SignUpViewModel;
			sourceTree = "<group>";
		};
		E7979839281935EE006123A8 /* SignUpView */ = {
			isa = PBXGroup;
			children = (
				E73235B82818627A00874037 /* SignUpViewController.swift */,
			);
			path = SignUpView;
			sourceTree = "<group>";
		};
		E797983A281935F6006123A8 /* SignUpModel */ = {
			isa = PBXGroup;
			children = (
			);
			path = SignUpModel;
			sourceTree = "<group>";
		};
		E797983B2819360F006123A8 /* MainViewModel */ = {
			isa = PBXGroup;
			children = (
				E7979886281ACEB1006123A8 /* Protocols */,
				E797988B281ACEEA006123A8 /* MainViewModel.swift */,
			);
			path = MainViewModel;
			sourceTree = "<group>";
		};
		E797983C28193618006123A8 /* MainView */ = {
			isa = PBXGroup;
			children = (
				E732357F2817B93C00874037 /* MainVc.swift */,
			);
			path = MainView;
			sourceTree = "<group>";
		};
		E797983D28193634006123A8 /* MainModel */ = {
			isa = PBXGroup;
			children = (
				E7AB4D46281D232000294F97 /* MainModel.swift */,
			);
			path = MainModel;
			sourceTree = "<group>";
		};
		E797983E28193642006123A8 /* CharViewModel */ = {
			isa = PBXGroup;
			children = (
				E797988E281ACF1E006123A8 /* Protocols */,
				E7979892281ACF52006123A8 /* ChatViewModel.swift */,
			);
			path = CharViewModel;
			sourceTree = "<group>";
		};
		E797983F28193653006123A8 /* ChatView */ = {
			isa = PBXGroup;
			children = (
				E797981B28192897006123A8 /* ChatViewController.swift */,
			);
			path = ChatView;
			sourceTree = "<group>";
		};
		E79798402819365A006123A8 /* ChatModel */ = {
			isa = PBXGroup;
			children = (
			);
			path = ChatModel;
			sourceTree = "<group>";
		};
		E797984128193681006123A8 /* UsersViewModel */ = {
			isa = PBXGroup;
			children = (
				E7979895281ACF6F006123A8 /* Protocols */,
			);
			path = UsersViewModel;
			sourceTree = "<group>";
		};
		E79798422819368E006123A8 /* UsersModel */ = {
			isa = PBXGroup;
			children = (
			);
			path = UsersModel;
			sourceTree = "<group>";
		};
		E797984328193694006123A8 /* UsersView */ = {
			isa = PBXGroup;
			children = (
				E797982928192A88006123A8 /* UsersViewController.swift */,
			);
			path = UsersView;
			sourceTree = "<group>";
		};
		E797984628196F0C006123A8 /* Coordinator */ = {
			isa = PBXGroup;
			children = (
				E797985028196F54006123A8 /* Protocols */,
				E797984D28196F4B006123A8 /* AppCoordinator.swift */,
				E79798AB281CF004006123A8 /* MainVCCoordinator.swift */,
				E79798AE281CF6C2006123A8 /* SignInVCCoordinator.swift */,
				E7AB4D43281D186E00294F97 /* SignUpVCCoordinator.swift */,
				E7AB4D49281ECB9300294F97 /* ProfileVCCoordinator.swift */,
				E7AB4D4C281ECBA300294F97 /* ChatVCCoordinator.swift */,
			);
			path = Coordinator;
			sourceTree = "<group>";
		};
		E797985028196F54006123A8 /* Protocols */ = {
			isa = PBXGroup;
			children = (
				E797984728196F2C006123A8 /* Coordinator.swift */,
				E79798B2281D02F9006123A8 /* Flow.swift */,
			);
			path = Protocols;
			sourceTree = "<group>";
		};
		E797985E281A7BA4006123A8 /* Protocols  */ = {
			isa = PBXGroup;
			children = (
				E7979879281ACE0C006123A8 /* ProfileViewModelProtocol.swift */,
			);
			path = "Protocols ";
			sourceTree = "<group>";
		};
		E7979865281A7EA8006123A8 /* Protocols */ = {
			isa = PBXGroup;
			children = (
				E797987F281ACE59006123A8 /* SignInViewModelProtocol.swift */,
			);
			path = Protocols;
			sourceTree = "<group>";
		};
		E797986D281A7F26006123A8 /* Protocols */ = {
			isa = PBXGroup;
			children = (
				E797986E281A7F44006123A8 /* SignUpViewModelPrtocol.swift */,
			);
			path = Protocols;
			sourceTree = "<group>";
		};
		E7979886281ACEB1006123A8 /* Protocols */ = {
			isa = PBXGroup;
			children = (
				E7979888281ACEDB006123A8 /* MainViewModelProtocol.swift */,
			);
			path = Protocols;
			sourceTree = "<group>";
		};
		E797988E281ACF1E006123A8 /* Protocols */ = {
			isa = PBXGroup;
			children = (
				E797988F281ACF3B006123A8 /* ChatViewModelProtocol.swift */,
			);
			path = Protocols;
			sourceTree = "<group>";
		};
		E7979895281ACF6F006123A8 /* Protocols */ = {
			isa = PBXGroup;
			children = (
			);
			path = Protocols;
			sourceTree = "<group>";
		};
/* End PBXGroup section */

/* Begin PBXNativeTarget section */
		E73235772817B93C00874037 /* App */ = {
			isa = PBXNativeTarget;
			buildConfigurationList = E732358C2817B94500874037 /* Build configuration list for PBXNativeTarget "App" */;
			buildPhases = (
				E73235742817B93C00874037 /* Sources */,
				E73235752817B93C00874037 /* Frameworks */,
				E73235762817B93C00874037 /* Resources */,
			);
			buildRules = (
			);
			dependencies = (
			);
			name = App;
			productName = d;
			productReference = E73235782817B93C00874037 /* App.app */;
			productType = "com.apple.product-type.application";
		};
/* End PBXNativeTarget section */

/* Begin PBXProject section */
		E73235702817B93C00874037 /* Project object */ = {
			isa = PBXProject;
			attributes = {
				LastSwiftUpdateCheck = 1240;
				LastUpgradeCheck = 1240;
				TargetAttributes = {
					E73235772817B93C00874037 = {
						CreatedOnToolsVersion = 12.4;
					};
				};
			};
			buildConfigurationList = E73235732817B93C00874037 /* Build configuration list for PBXProject "App" */;
			compatibilityVersion = "Xcode 9.3";
			developmentRegion = en;
			hasScannedForEncodings = 0;
			knownRegions = (
				en,
				Base,
			);
			mainGroup = E732356F2817B93C00874037;
			productRefGroup = E73235792817B93C00874037 /* Products */;
			projectDirPath = "";
			projectRoot = "";
			targets = (
				E73235772817B93C00874037 /* App */,
			);
		};
/* End PBXProject section */

/* Begin PBXResourcesBuildPhase section */
		E73235762817B93C00874037 /* Resources */ = {
			isa = PBXResourcesBuildPhase;
			buildActionMask = 2147483647;
			files = (
				E73235882817B94500874037 /* LaunchScreen.storyboard in Resources */,
				E73235852817B94500874037 /* Assets.xcassets in Resources */,
			);
			runOnlyForDeploymentPostprocessing = 0;
		};
/* End PBXResourcesBuildPhase section */

/* Begin PBXSourcesBuildPhase section */
		E73235742817B93C00874037 /* Sources */ = {
			isa = PBXSourcesBuildPhase;
			buildActionMask = 2147483647;
			files = (
				E797987A281ACE0C006123A8 /* ProfileViewModelProtocol.swift in Sources */,
				E73235BF281866CF00874037 /* OneLineTextField.swift in Sources */,
				E7979890281ACF3B006123A8 /* ChatViewModelProtocol.swift in Sources */,
				E73235B92818627A00874037 /* SignUpViewController.swift in Sources */,
				E797984828196F2C006123A8 /* Coordinator.swift in Sources */,
				E7AB4D4A281ECB9300294F97 /* ProfileVCCoordinator.swift in Sources */,
				E797981C28192897006123A8 /* ChatViewController.swift in Sources */,
				E797988C281ACEEA006123A8 /* MainViewModel.swift in Sources */,
				E7979889281ACEDB006123A8 /* MainViewModelProtocol.swift in Sources */,
				E7979872281A7F5D006123A8 /* SignUpViewModel.swift in Sources */,
				E797982728192A30006123A8 /* TabBarController.swift in Sources */,
				E73235992818506D00874037 /* UIFont + Extension.swift in Sources */,
				E7979884281ACE8C006123A8 /* SignInViewModel.swift in Sources */,
				E797984E28196F4B006123A8 /* AppCoordinator.swift in Sources */,
				E7979819281920B1006123A8 /* UISegmentControl + Extension.swift in Sources */,
				E797987D281ACE33006123A8 /* ProfileViewModel.swift in Sources */,
				E73235A22818549500874037 /* UILabel + Extension.swift in Sources */,
				E79798562819713D006123A8 /* UIViewController + Extension.swift in Sources */,
				E77C213828190FCE00F6D86C /* ProfileViewController.swift in Sources */,
				E73235802817B93C00874037 /* MainVc.swift in Sources */,
				E77C21352818F93000F6D86C /* SignInViewController.swift in Sources */,
				E7979816281917B2006123A8 /* AddPhotoView.swift in Sources */,
				E79798B3281D02F9006123A8 /* Flow.swift in Sources */,
				E797986F281A7F44006123A8 /* SignUpViewModelPrtocol.swift in Sources */,
				E73235B128185FC900874037 /* UIStackView + Extension.swift in Sources */,
				E79798AC281CF004006123A8 /* MainVCCoordinator.swift in Sources */,
				E732357C2817B93C00874037 /* AppDelegate.swift in Sources */,
				E7AB4D4D281ECBA300294F97 /* ChatVCCoordinator.swift in Sources */,
				E73235A62818556C00874037 /* UIImageView + Extension.swift in Sources */,
				E7AB4D47281D232000294F97 /* MainModel.swift in Sources */,
				E7AB4D44281D186E00294F97 /* SignUpVCCoordinator.swift in Sources */,
				E732359C2818518400874037 /* UIColor + Extension.swift in Sources */,
				E7979893281ACF52006123A8 /* ChatViewModel.swift in Sources */,
				E732357E2817B93C00874037 /* SceneDelegate.swift in Sources */,
				E7979880281ACE59006123A8 /* SignInViewModelProtocol.swift in Sources */,
				E732359628184D7F00874037 /* UIButton + Extension.swift in Sources */,
				E79798AF281CF6C2006123A8 /* SignInVCCoordinator.swift in Sources */,
				E73235AC2818591500874037 /* ButtonView.swift in Sources */,
				E797982A28192A88006123A8 /* UsersViewController.swift in Sources */,
			);
			runOnlyForDeploymentPostprocessing = 0;
		};
/* End PBXSourcesBuildPhase section */

/* Begin PBXVariantGroup section */
		E73235862817B94500874037 /* LaunchScreen.storyboard */ = {
			isa = PBXVariantGroup;
			children = (
				E73235872817B94500874037 /* Base */,
			);
			name = LaunchScreen.storyboard;
			sourceTree = "<group>";
		};
/* End PBXVariantGroup section */

/* Begin XCBuildConfiguration section */
		E732358A2817B94500874037 /* Debug */ = {
			isa = XCBuildConfiguration;
			buildSettings = {
				ALWAYS_SEARCH_USER_PATHS = NO;
				CLANG_ANALYZER_NONNULL = YES;
				CLANG_ANALYZER_NUMBER_OBJECT_CONVERSION = YES_AGGRESSIVE;
				CLANG_CXX_LANGUAGE_STANDARD = "gnu++14";
				CLANG_CXX_LIBRARY = "libc++";
				CLANG_ENABLE_MODULES = YES;
				CLANG_ENABLE_OBJC_ARC = YES;
				CLANG_ENABLE_OBJC_WEAK = YES;
				CLANG_WARN_BLOCK_CAPTURE_AUTORELEASING = YES;
				CLANG_WARN_BOOL_CONVERSION = YES;
				CLANG_WARN_COMMA = YES;
				CLANG_WARN_CONSTANT_CONVERSION = YES;
				CLANG_WARN_DEPRECATED_OBJC_IMPLEMENTATIONS = YES;
				CLANG_WARN_DIRECT_OBJC_ISA_USAGE = YES_ERROR;
				CLANG_WARN_DOCUMENTATION_COMMENTS = YES;
				CLANG_WARN_EMPTY_BODY = YES;
				CLANG_WARN_ENUM_CONVERSION = YES;
				CLANG_WARN_INFINITE_RECURSION = YES;
				CLANG_WARN_INT_CONVERSION = YES;
				CLANG_WARN_NON_LITERAL_NULL_CONVERSION = YES;
				CLANG_WARN_OBJC_IMPLICIT_RETAIN_SELF = YES;
				CLANG_WARN_OBJC_LITERAL_CONVERSION = YES;
				CLANG_WARN_OBJC_ROOT_CLASS = YES_ERROR;
				CLANG_WARN_QUOTED_INCLUDE_IN_FRAMEWORK_HEADER = YES;
				CLANG_WARN_RANGE_LOOP_ANALYSIS = YES;
				CLANG_WARN_STRICT_PROTOTYPES = YES;
				CLANG_WARN_SUSPICIOUS_MOVE = YES;
				CLANG_WARN_UNGUARDED_AVAILABILITY = YES_AGGRESSIVE;
				CLANG_WARN_UNREACHABLE_CODE = YES;
				CLANG_WARN__DUPLICATE_METHOD_MATCH = YES;
				COPY_PHASE_STRIP = NO;
				DEBUG_INFORMATION_FORMAT = dwarf;
				ENABLE_STRICT_OBJC_MSGSEND = YES;
				ENABLE_TESTABILITY = YES;
				GCC_C_LANGUAGE_STANDARD = gnu11;
				GCC_DYNAMIC_NO_PIC = NO;
				GCC_NO_COMMON_BLOCKS = YES;
				GCC_OPTIMIZATION_LEVEL = 0;
				GCC_PREPROCESSOR_DEFINITIONS = (
					"DEBUG=1",
					"$(inherited)",
				);
				GCC_WARN_64_TO_32_BIT_CONVERSION = YES;
				GCC_WARN_ABOUT_RETURN_TYPE = YES_ERROR;
				GCC_WARN_UNDECLARED_SELECTOR = YES;
				GCC_WARN_UNINITIALIZED_AUTOS = YES_AGGRESSIVE;
				GCC_WARN_UNUSED_FUNCTION = YES;
				GCC_WARN_UNUSED_VARIABLE = YES;
				IPHONEOS_DEPLOYMENT_TARGET = 14.4;
				MTL_ENABLE_DEBUG_INFO = INCLUDE_SOURCE;
				MTL_FAST_MATH = YES;
				ONLY_ACTIVE_ARCH = YES;
				SDKROOT = iphoneos;
				SWIFT_ACTIVE_COMPILATION_CONDITIONS = DEBUG;
				SWIFT_OPTIMIZATION_LEVEL = "-Onone";
			};
			name = Debug;
		};
		E732358B2817B94500874037 /* Release */ = {
			isa = XCBuildConfiguration;
			buildSettings = {
				ALWAYS_SEARCH_USER_PATHS = NO;
				CLANG_ANALYZER_NONNULL = YES;
				CLANG_ANALYZER_NUMBER_OBJECT_CONVERSION = YES_AGGRESSIVE;
				CLANG_CXX_LANGUAGE_STANDARD = "gnu++14";
				CLANG_CXX_LIBRARY = "libc++";
				CLANG_ENABLE_MODULES = YES;
				CLANG_ENABLE_OBJC_ARC = YES;
				CLANG_ENABLE_OBJC_WEAK = YES;
				CLANG_WARN_BLOCK_CAPTURE_AUTORELEASING = YES;
				CLANG_WARN_BOOL_CONVERSION = YES;
				CLANG_WARN_COMMA = YES;
				CLANG_WARN_CONSTANT_CONVERSION = YES;
				CLANG_WARN_DEPRECATED_OBJC_IMPLEMENTATIONS = YES;
				CLANG_WARN_DIRECT_OBJC_ISA_USAGE = YES_ERROR;
				CLANG_WARN_DOCUMENTATION_COMMENTS = YES;
				CLANG_WARN_EMPTY_BODY = YES;
				CLANG_WARN_ENUM_CONVERSION = YES;
				CLANG_WARN_INFINITE_RECURSION = YES;
				CLANG_WARN_INT_CONVERSION = YES;
				CLANG_WARN_NON_LITERAL_NULL_CONVERSION = YES;
				CLANG_WARN_OBJC_IMPLICIT_RETAIN_SELF = YES;
				CLANG_WARN_OBJC_LITERAL_CONVERSION = YES;
				CLANG_WARN_OBJC_ROOT_CLASS = YES_ERROR;
				CLANG_WARN_QUOTED_INCLUDE_IN_FRAMEWORK_HEADER = YES;
				CLANG_WARN_RANGE_LOOP_ANALYSIS = YES;
				CLANG_WARN_STRICT_PROTOTYPES = YES;
				CLANG_WARN_SUSPICIOUS_MOVE = YES;
				CLANG_WARN_UNGUARDED_AVAILABILITY = YES_AGGRESSIVE;
				CLANG_WARN_UNREACHABLE_CODE = YES;
				CLANG_WARN__DUPLICATE_METHOD_MATCH = YES;
				COPY_PHASE_STRIP = NO;
				DEBUG_INFORMATION_FORMAT = "dwarf-with-dsym";
				ENABLE_NS_ASSERTIONS = NO;
				ENABLE_STRICT_OBJC_MSGSEND = YES;
				GCC_C_LANGUAGE_STANDARD = gnu11;
				GCC_NO_COMMON_BLOCKS = YES;
				GCC_WARN_64_TO_32_BIT_CONVERSION = YES;
				GCC_WARN_ABOUT_RETURN_TYPE = YES_ERROR;
				GCC_WARN_UNDECLARED_SELECTOR = YES;
				GCC_WARN_UNINITIALIZED_AUTOS = YES_AGGRESSIVE;
				GCC_WARN_UNUSED_FUNCTION = YES;
				GCC_WARN_UNUSED_VARIABLE = YES;
				IPHONEOS_DEPLOYMENT_TARGET = 14.4;
				MTL_ENABLE_DEBUG_INFO = NO;
				MTL_FAST_MATH = YES;
				SDKROOT = iphoneos;
				SWIFT_COMPILATION_MODE = wholemodule;
				SWIFT_OPTIMIZATION_LEVEL = "-O";
				VALIDATE_PRODUCT = YES;
			};
			name = Release;
		};
		E732358D2817B94500874037 /* Debug */ = {
			isa = XCBuildConfiguration;
			buildSettings = {
				ASSETCATALOG_COMPILER_APPICON_NAME = AppIcon;
				ASSETCATALOG_COMPILER_GLOBAL_ACCENT_COLOR_NAME = AccentColor;
				CODE_SIGN_STYLE = Automatic;
				DEVELOPMENT_TEAM = 8ZH35KKWH9;
				INFOPLIST_FILE = App/Resourses/Info.plist;
				LD_RUNPATH_SEARCH_PATHS = (
					"$(inherited)",
					"@executable_path/Frameworks",
				);
				PRODUCT_BUNDLE_IDENTIFIER = Alekasndr.d;
				PRODUCT_NAME = "$(TARGET_NAME)";
				SWIFT_VERSION = 5.0;
				TARGETED_DEVICE_FAMILY = "1,2";
			};
			name = Debug;
		};
		E732358E2817B94500874037 /* Release */ = {
			isa = XCBuildConfiguration;
			buildSettings = {
				ASSETCATALOG_COMPILER_APPICON_NAME = AppIcon;
				ASSETCATALOG_COMPILER_GLOBAL_ACCENT_COLOR_NAME = AccentColor;
				CODE_SIGN_STYLE = Automatic;
				DEVELOPMENT_TEAM = 8ZH35KKWH9;
				INFOPLIST_FILE = App/Resourses/Info.plist;
				LD_RUNPATH_SEARCH_PATHS = (
					"$(inherited)",
					"@executable_path/Frameworks",
				);
				PRODUCT_BUNDLE_IDENTIFIER = Alekasndr.d;
				PRODUCT_NAME = "$(TARGET_NAME)";
				SWIFT_VERSION = 5.0;
				TARGETED_DEVICE_FAMILY = "1,2";
			};
			name = Release;
		};
/* End XCBuildConfiguration section */

/* Begin XCConfigurationList section */
		E73235732817B93C00874037 /* Build configuration list for PBXProject "App" */ = {
			isa = XCConfigurationList;
			buildConfigurations = (
				E732358A2817B94500874037 /* Debug */,
				E732358B2817B94500874037 /* Release */,
			);
			defaultConfigurationIsVisible = 0;
			defaultConfigurationName = Release;
		};
		E732358C2817B94500874037 /* Build configuration list for PBXNativeTarget "App" */ = {
			isa = XCConfigurationList;
			buildConfigurations = (
				E732358D2817B94500874037 /* Debug */,
				E732358E2817B94500874037 /* Release */,
			);
			defaultConfigurationIsVisible = 0;
			defaultConfigurationName = Release;
		};
/* End XCConfigurationList section */
	};
	rootObject = E73235702817B93C00874037 /* Project object */;
}
